{
  "name": "smartcontract-lottery",
  "lockfileVersion": 2,
  "requires": true,
  "packages": {
    "": {
      "dependencies": {
        "@chainlink/contracts": "^0.4.0",
        "@openzeppelin/contracts": "^3.4.1"
      }
    },
    "node_modules/@chainlink/contracts": {
      "version": "0.4.0",
      "resolved": "https://registry.npmjs.org/@chainlink/contracts/-/contracts-0.4.0.tgz",
      "integrity": "sha512-yZGeCBd7d+qxfw9r/JxtPzsW2kCc6MorPRZ/tDKnaJI98H99j5P2Fosfehmcwk6wVZlz+0Bp4kS1y480nw3Zow=="
    },
    "node_modules/@openzeppelin/contracts": {
      "version": "3.4.1",
      "resolved": "https://registry.npmjs.org/@openzeppelin/contracts/-/contracts-3.4.1.tgz",
      "integrity": "sha512-cUriqMauq1ylzP2TxePNdPqkwI7Le3Annh4K9rrpvKfSBB/bdW+Iu1ihBaTIABTAAJ85LmKL5SSPPL9ry8d1gQ=="
    }
  },
  "dependencies": {
    "@chainlink/contracts": {
      "version": "0.4.0",
      "resolved": "https://registry.npmjs.org/@chainlink/contracts/-/contracts-0.4.0.tgz",
      "integrity": "sha512-yZGeCBd7d+qxfw9r/JxtPzsW2kCc6MorPRZ/tDKnaJI98H99j5P2Fosfehmcwk6wVZlz+0Bp4kS1y480nw3Zow=="
    },
    "@openzeppelin/contracts": {
      "version": "3.4.1",
      "resolved": "https://registry.npmjs.org/@openzeppelin/contracts/-/contracts-3.4.1.tgz",
      "integrity": "sha512-cUriqMauq1ylzP2TxePNdPqkwI7Le3Annh4K9rrpvKfSBB/bdW+Iu1ihBaTIABTAAJ85LmKL5SSPPL9ry8d1gQ=="
    }
  }
}
